
Microsoft Visual Studio Solution File, Format Version 12.00
# Visual Studio Version 17
VisualStudioVersion = 17.3.32819.101
MinimumVisualStudioVersion = 10.0.40219.1
Project("{FAE04EC0-301F-11D3-BF4B-00C04F79EFBC}") = "5- shellSort", "5- shellSort\5- shellSort.csproj", "{DEA4233B-640F-4C20-91C3-1E19BF13AE59}"
EndProject
Global
	GlobalSection(SolutionConfigurationPlatforms) = preSolution
		Debug|Any CPU = Debug|Any CPU
		Release|Any CPU = Release|Any CPU
	EndGlobalSection
	GlobalSection(ProjectConfigurationPlatforms) = postSolution
		{DEA4233B-640F-4C20-91C3-1E19BF13AE59}.Debug|Any CPU.ActiveCfg = Debug|Any CPU
		{DEA4233B-640F-4C20-91C3-1E19BF13AE59}.Debug|Any CPU.Build.0 = Debug|Any CPU
		{DEA4233B-640F-4C20-91C3-1E19BF13AE59}.Release|Any CPU.ActiveCfg = Release|Any CPU
		{DEA4233B-640F-4C20-91C3-1E19BF13AE59}.Release|Any CPU.Build.0 = Release|Any CPU
	EndGlobalSection
	GlobalSection(SolutionProperties) = preSolution
		HideSolutionNode = FALSE
	EndGlobalSection
	GlobalSection(ExtensibilityGlobals) = postSolution
		SolutionGuid = {14A0E63D-7EA3-4F61-A346-C26C031DACD9}
	EndGlobalSection
EndGlobal
