
Microsoft Visual Studio Solution File, Format Version 12.00
# Visual Studio Version 17
VisualStudioVersion = 17.3.32819.101
MinimumVisualStudioVersion = 10.0.40219.1
Project("{FAE04EC0-301F-11D3-BF4B-00C04F79EFBC}") = "3 - selectionSort", "3 - selectionSort\3 - selectionSort.csproj", "{0F6437D1-AE54-44C8-866C-73E159BBA548}"
EndProject
Global
	GlobalSection(SolutionConfigurationPlatforms) = preSolution
		Debug|Any CPU = Debug|Any CPU
		Release|Any CPU = Release|Any CPU
	EndGlobalSection
	GlobalSection(ProjectConfigurationPlatforms) = postSolution
		{0F6437D1-AE54-44C8-866C-73E159BBA548}.Debug|Any CPU.ActiveCfg = Debug|Any CPU
		{0F6437D1-AE54-44C8-866C-73E159BBA548}.Debug|Any CPU.Build.0 = Debug|Any CPU
		{0F6437D1-AE54-44C8-866C-73E159BBA548}.Release|Any CPU.ActiveCfg = Release|Any CPU
		{0F6437D1-AE54-44C8-866C-73E159BBA548}.Release|Any CPU.Build.0 = Release|Any CPU
	EndGlobalSection
	GlobalSection(SolutionProperties) = preSolution
		HideSolutionNode = FALSE
	EndGlobalSection
	GlobalSection(ExtensibilityGlobals) = postSolution
		SolutionGuid = {42EE30B8-F428-490B-9B25-AF7E1C82BD6D}
	EndGlobalSection
EndGlobal
