
Microsoft Visual Studio Solution File, Format Version 12.00
# Visual Studio Version 17
VisualStudioVersion = 17.3.32819.101
MinimumVisualStudioVersion = 10.0.40219.1
Project("{FAE04EC0-301F-11D3-BF4B-00C04F79EFBC}") = "1 - bubblesort", "1 - bubblesort\1 - bubblesort.csproj", "{A23BD225-F7E3-4823-B644-A0752B409748}"
EndProject
Global
	GlobalSection(SolutionConfigurationPlatforms) = preSolution
		Debug|Any CPU = Debug|Any CPU
		Release|Any CPU = Release|Any CPU
	EndGlobalSection
	GlobalSection(ProjectConfigurationPlatforms) = postSolution
		{A23BD225-F7E3-4823-B644-A0752B409748}.Debug|Any CPU.ActiveCfg = Debug|Any CPU
		{A23BD225-F7E3-4823-B644-A0752B409748}.Debug|Any CPU.Build.0 = Debug|Any CPU
		{A23BD225-F7E3-4823-B644-A0752B409748}.Release|Any CPU.ActiveCfg = Release|Any CPU
		{A23BD225-F7E3-4823-B644-A0752B409748}.Release|Any CPU.Build.0 = Release|Any CPU
	EndGlobalSection
	GlobalSection(SolutionProperties) = preSolution
		HideSolutionNode = FALSE
	EndGlobalSection
	GlobalSection(ExtensibilityGlobals) = postSolution
		SolutionGuid = {F08F3A39-CEC6-4DB0-B20B-CD0B1869006C}
	EndGlobalSection
EndGlobal
