
Microsoft Visual Studio Solution File, Format Version 12.00
# Visual Studio Version 17
VisualStudioVersion = 17.3.32819.101
MinimumVisualStudioVersion = 10.0.40219.1
Project("{FAE04EC0-301F-11D3-BF4B-00C04F79EFBC}") = "arvore", "arvore\arvore.csproj", "{A38734DA-4E18-4CF0-890B-62AB3806BAB7}"
EndProject
Global
	GlobalSection(SolutionConfigurationPlatforms) = preSolution
		Debug|Any CPU = Debug|Any CPU
		Release|Any CPU = Release|Any CPU
	EndGlobalSection
	GlobalSection(ProjectConfigurationPlatforms) = postSolution
		{A38734DA-4E18-4CF0-890B-62AB3806BAB7}.Debug|Any CPU.ActiveCfg = Debug|Any CPU
		{A38734DA-4E18-4CF0-890B-62AB3806BAB7}.Debug|Any CPU.Build.0 = Debug|Any CPU
		{A38734DA-4E18-4CF0-890B-62AB3806BAB7}.Release|Any CPU.ActiveCfg = Release|Any CPU
		{A38734DA-4E18-4CF0-890B-62AB3806BAB7}.Release|Any CPU.Build.0 = Release|Any CPU
	EndGlobalSection
	GlobalSection(SolutionProperties) = preSolution
		HideSolutionNode = FALSE
	EndGlobalSection
	GlobalSection(ExtensibilityGlobals) = postSolution
		SolutionGuid = {7B2F869D-A595-4B39-9350-5C25168F2D08}
	EndGlobalSection
EndGlobal
